
Microsoft Visual Studio Solution File, Format Version 12.00
# Visual Studio Version 16
VisualStudioVersion = 16.0.30717.126
MinimumVisualStudioVersion = 10.0.40219.1
Project("{00D1A9C2-B5F0-4AF3-8072-F6C62B433612}") = "Telia", "Telia\Telia.sqlproj", "{89F6A2AD-54D2-48A4-BA71-55AEC57F8FAA}"
EndProject
Project("{FAE04EC0-301F-11D3-BF4B-00C04F79EFBC}") = "TeliaMVC", "TeliaMVC\TeliaMVC.csproj", "{AD979E07-E721-4CE4-9A57-78677554B4AE}"
EndProject
Global
	GlobalSection(SolutionConfigurationPlatforms) = preSolution
		Debug|Any CPU = Debug|Any CPU
		Release|Any CPU = Release|Any CPU
	EndGlobalSection
	GlobalSection(ProjectConfigurationPlatforms) = postSolution
		{89F6A2AD-54D2-48A4-BA71-55AEC57F8FAA}.Debug|Any CPU.ActiveCfg = Debug|Any CPU
		{89F6A2AD-54D2-48A4-BA71-55AEC57F8FAA}.Debug|Any CPU.Build.0 = Debug|Any CPU
		{89F6A2AD-54D2-48A4-BA71-55AEC57F8FAA}.Debug|Any CPU.Deploy.0 = Debug|Any CPU
		{89F6A2AD-54D2-48A4-BA71-55AEC57F8FAA}.Release|Any CPU.ActiveCfg = Release|Any CPU
		{89F6A2AD-54D2-48A4-BA71-55AEC57F8FAA}.Release|Any CPU.Build.0 = Release|Any CPU
		{89F6A2AD-54D2-48A4-BA71-55AEC57F8FAA}.Release|Any CPU.Deploy.0 = Release|Any CPU
		{AD979E07-E721-4CE4-9A57-78677554B4AE}.Debug|Any CPU.ActiveCfg = Debug|Any CPU
		{AD979E07-E721-4CE4-9A57-78677554B4AE}.Debug|Any CPU.Build.0 = Debug|Any CPU
		{AD979E07-E721-4CE4-9A57-78677554B4AE}.Release|Any CPU.ActiveCfg = Release|Any CPU
		{AD979E07-E721-4CE4-9A57-78677554B4AE}.Release|Any CPU.Build.0 = Release|Any CPU
	EndGlobalSection
	GlobalSection(SolutionProperties) = preSolution
		HideSolutionNode = FALSE
	EndGlobalSection
	GlobalSection(ExtensibilityGlobals) = postSolution
		SolutionGuid = {E616C5F2-2E78-4E46-85A7-ECF42CA851F9}
	EndGlobalSection
EndGlobal
